{
  "name": "runway-test",
  "version": "1.0.0",
  "lockfileVersion": 3,
  "requires": true,
  "packages": {
    "": {
      "name": "runway-test",
      "version": "1.0.0",
      "license": "ISC",
      "dependencies": {
        "@runwayml/sdk": "^3.21.0"
      }
    },
    "node_modules/@runwayml/sdk": {
      "version": "3.21.0",
      "resolved": "https://registry.npmjs.org/@runwayml/sdk/-/sdk-3.21.0.tgz",
      "integrity": "sha512-af7TvNIjdYOE/zpBE1Qk8o3HzEd4A0OHUZBGCAca/jNN5T+KY2wX7UC3ZjZEEjXXlX6v+9GNHIMpAlplku5OGg==",
      "license": "Apache-2.0",
      "bin": {
        "runwayml-sdk": "bin/cli"
      }
    }
  }
}
